
Microsoft Visual Studio Solution File, Format Version 12.00
# Visual Studio Version 16
VisualStudioVersion = 16.0.28721.148
MinimumVisualStudioVersion = 10.0.40219.1
Project("{9A19103F-16F7-4668-BE54-9A1E7A4F7556}") = "Decos.AspNetCore.BackgroundTasks", "src\Decos.AspNetCore.BackgroundTasks\Decos.AspNetCore.BackgroundTasks.csproj", "{E8424527-22C3-4494-9A5F-E8606FAABE30}"
EndProject
Project("{9A19103F-16F7-4668-BE54-9A1E7A4F7556}") = "Decos.AspNetCore.BackgroundTasks.Tests", "tests\Decos.AspNetCore.BackgroundTasks.Tests\Decos.AspNetCore.BackgroundTasks.Tests.csproj", "{A8C362C2-A494-4FCB-9708-ACB624207321}"
EndProject
Project("{9A19103F-16F7-4668-BE54-9A1E7A4F7556}") = "Decos.AspNetCore.Authorization", "src\Decos.AspNetCore.Authorization\Decos.AspNetCore.Authorization.csproj", "{75F68E86-E7AD-4BD5-AE2F-A32D4380A161}"
EndProject
Project("{9A19103F-16F7-4668-BE54-9A1E7A4F7556}") = "Decos.AspNetCore.Authorization.Tests", "tests\Decos.AspNetCore.Authorization.Tests\Decos.AspNetCore.Authorization.Tests.csproj", "{7B41C960-3AAC-4C30-89FB-C88606E14FCE}"
EndProject
Project("{9A19103F-16F7-4668-BE54-9A1E7A4F7556}") = "Microsoft.Identity.Web", "src\Microsoft.Identity.Web\Microsoft.Identity.Web.csproj", "{FE7EBEB6-EF75-4DEF-ABC4-A153F0673176}"
EndProject
Project("{9A19103F-16F7-4668-BE54-9A1E7A4F7556}") = "Microsoft.Identity.Web.Test", "tests\Microsoft.Identity.Web.Test\Microsoft.Identity.Web.Test.csproj", "{B6647F44-01AE-4790-841F-E6618BE806D8}"
EndProject
Global
	GlobalSection(SolutionConfigurationPlatforms) = preSolution
		Debug|Any CPU = Debug|Any CPU
		Release|Any CPU = Release|Any CPU
	EndGlobalSection
	GlobalSection(ProjectConfigurationPlatforms) = postSolution
		{E8424527-22C3-4494-9A5F-E8606FAABE30}.Debug|Any CPU.ActiveCfg = Debug|Any CPU
		{E8424527-22C3-4494-9A5F-E8606FAABE30}.Debug|Any CPU.Build.0 = Debug|Any CPU
		{E8424527-22C3-4494-9A5F-E8606FAABE30}.Release|Any CPU.ActiveCfg = Release|Any CPU
		{E8424527-22C3-4494-9A5F-E8606FAABE30}.Release|Any CPU.Build.0 = Release|Any CPU
		{A8C362C2-A494-4FCB-9708-ACB624207321}.Debug|Any CPU.ActiveCfg = Debug|Any CPU
		{A8C362C2-A494-4FCB-9708-ACB624207321}.Debug|Any CPU.Build.0 = Debug|Any CPU
		{A8C362C2-A494-4FCB-9708-ACB624207321}.Release|Any CPU.ActiveCfg = Release|Any CPU
		{A8C362C2-A494-4FCB-9708-ACB624207321}.Release|Any CPU.Build.0 = Release|Any CPU
		{75F68E86-E7AD-4BD5-AE2F-A32D4380A161}.Debug|Any CPU.ActiveCfg = Debug|Any CPU
		{75F68E86-E7AD-4BD5-AE2F-A32D4380A161}.Debug|Any CPU.Build.0 = Debug|Any CPU
		{75F68E86-E7AD-4BD5-AE2F-A32D4380A161}.Release|Any CPU.ActiveCfg = Release|Any CPU
		{75F68E86-E7AD-4BD5-AE2F-A32D4380A161}.Release|Any CPU.Build.0 = Release|Any CPU
		{7B41C960-3AAC-4C30-89FB-C88606E14FCE}.Debug|Any CPU.ActiveCfg = Debug|Any CPU
		{7B41C960-3AAC-4C30-89FB-C88606E14FCE}.Debug|Any CPU.Build.0 = Debug|Any CPU
		{7B41C960-3AAC-4C30-89FB-C88606E14FCE}.Release|Any CPU.ActiveCfg = Release|Any CPU
		{7B41C960-3AAC-4C30-89FB-C88606E14FCE}.Release|Any CPU.Build.0 = Release|Any CPU
		{FE7EBEB6-EF75-4DEF-ABC4-A153F0673176}.Debug|Any CPU.ActiveCfg = Debug|Any CPU
		{FE7EBEB6-EF75-4DEF-ABC4-A153F0673176}.Debug|Any CPU.Build.0 = Debug|Any CPU
		{FE7EBEB6-EF75-4DEF-ABC4-A153F0673176}.Release|Any CPU.ActiveCfg = Release|Any CPU
		{FE7EBEB6-EF75-4DEF-ABC4-A153F0673176}.Release|Any CPU.Build.0 = Release|Any CPU
		{B6647F44-01AE-4790-841F-E6618BE806D8}.Debug|Any CPU.ActiveCfg = Debug|Any CPU
		{B6647F44-01AE-4790-841F-E6618BE806D8}.Debug|Any CPU.Build.0 = Debug|Any CPU
		{B6647F44-01AE-4790-841F-E6618BE806D8}.Release|Any CPU.ActiveCfg = Release|Any CPU
		{B6647F44-01AE-4790-841F-E6618BE806D8}.Release|Any CPU.Build.0 = Release|Any CPU
	EndGlobalSection
	GlobalSection(SolutionProperties) = preSolution
		HideSolutionNode = FALSE
	EndGlobalSection
	GlobalSection(ExtensibilityGlobals) = postSolution
		SolutionGuid = {C360C51F-45F4-4790-9EF1-016E5F93CCED}
	EndGlobalSection
EndGlobal
